
Microsoft Visual Studio Solution File, Format Version 12.00
# Visual Studio Version 17
VisualStudioVersion = 17.2.32630.192
MinimumVisualStudioVersion = 10.0.40219.1
Project("{9A19103F-16F7-4668-BE54-9A1E7A4F7556}") = "BasicGrpcService", "BasicGrpcService\BasicGrpcService.csproj", "{EB2155C7-D455-4F9C-9289-6BCD90739691}"
EndProject
Project("{FAE04EC0-301F-11D3-BF4B-00C04F79EFBC}") = "GrpcWebClient", "GrpcWebClient\GrpcWebClient.csproj", "{44904933-0F08-4B45-87CA-6B943BD1CB09}"
EndProject
Global
	GlobalSection(SolutionConfigurationPlatforms) = preSolution
		Debug|Any CPU = Debug|Any CPU
		Release|Any CPU = Release|Any CPU
	EndGlobalSection
	GlobalSection(ProjectConfigurationPlatforms) = postSolution
		{EB2155C7-D455-4F9C-9289-6BCD90739691}.Debug|Any CPU.ActiveCfg = Debug|Any CPU
		{EB2155C7-D455-4F9C-9289-6BCD90739691}.Debug|Any CPU.Build.0 = Debug|Any CPU
		{EB2155C7-D455-4F9C-9289-6BCD90739691}.Release|Any CPU.ActiveCfg = Release|Any CPU
		{EB2155C7-D455-4F9C-9289-6BCD90739691}.Release|Any CPU.Build.0 = Release|Any CPU
		{44904933-0F08-4B45-87CA-6B943BD1CB09}.Debug|Any CPU.ActiveCfg = Debug|Any CPU
		{44904933-0F08-4B45-87CA-6B943BD1CB09}.Debug|Any CPU.Build.0 = Debug|Any CPU
		{44904933-0F08-4B45-87CA-6B943BD1CB09}.Release|Any CPU.ActiveCfg = Release|Any CPU
		{44904933-0F08-4B45-87CA-6B943BD1CB09}.Release|Any CPU.Build.0 = Release|Any CPU
	EndGlobalSection
	GlobalSection(SolutionProperties) = preSolution
		HideSolutionNode = FALSE
	EndGlobalSection
	GlobalSection(ExtensibilityGlobals) = postSolution
		SolutionGuid = {83F8E2A0-89EB-44CB-BD54-44CAC896CDD6}
	EndGlobalSection
EndGlobal
